
Microsoft Visual Studio Solution File, Format Version 12.00
# Visual Studio Version 16
VisualStudioVersion = 25.0.1703.6
MinimumVisualStudioVersion = 10.0.40219.1
Project("{FAE04EC0-301F-11D3-BF4B-00C04F79EFBC}") = "Consumer", "Consumer\Consumer.csproj", "{03237FE0-ABCF-4520-A660-EA26497156CE}"
EndProject
Project("{FAE04EC0-301F-11D3-BF4B-00C04F79EFBC}") = "Entity", "Entity\Entity.csproj", "{BDE74E79-187A-4F3C-A9E6-DB096AD61B46}"
EndProject
Project("{FAE04EC0-301F-11D3-BF4B-00C04F79EFBC}") = "DataAccess", "DataAccess\DataAccess.csproj", "{D933CF17-1596-4104-B268-3903B1F69630}"
EndProject
Project("{FAE04EC0-301F-11D3-BF4B-00C04F79EFBC}") = "Core", "Core\Core.csproj", "{C75CAD50-CC2F-4CFB-A7B8-2A51725241D4}"
EndProject
Project("{FAE04EC0-301F-11D3-BF4B-00C04F79EFBC}") = "Exceptions", "Exceptions\Exceptions.csproj", "{2A653BE0-B849-4EDF-9B70-63D8FBFD2D7A}"
EndProject
Project("{FAE04EC0-301F-11D3-BF4B-00C04F79EFBC}") = "Business", "Business\Business.csproj", "{DC604A2F-45E1-494D-8DF7-B32DCA7533F1}"
EndProject
Project("{FAE04EC0-301F-11D3-BF4B-00C04F79EFBC}") = "CommonData", "CommonData\CommonData.csproj", "{03D4FD5B-409F-4770-AFA0-B467E6DA5830}"
EndProject
Global
	GlobalSection(SolutionConfigurationPlatforms) = preSolution
		Debug|Any CPU = Debug|Any CPU
		Release|Any CPU = Release|Any CPU
	EndGlobalSection
	GlobalSection(ProjectConfigurationPlatforms) = postSolution
		{03237FE0-ABCF-4520-A660-EA26497156CE}.Debug|Any CPU.ActiveCfg = Debug|Any CPU
		{03237FE0-ABCF-4520-A660-EA26497156CE}.Debug|Any CPU.Build.0 = Debug|Any CPU
		{03237FE0-ABCF-4520-A660-EA26497156CE}.Release|Any CPU.ActiveCfg = Release|Any CPU
		{03237FE0-ABCF-4520-A660-EA26497156CE}.Release|Any CPU.Build.0 = Release|Any CPU
		{BDE74E79-187A-4F3C-A9E6-DB096AD61B46}.Debug|Any CPU.ActiveCfg = Debug|Any CPU
		{BDE74E79-187A-4F3C-A9E6-DB096AD61B46}.Debug|Any CPU.Build.0 = Debug|Any CPU
		{BDE74E79-187A-4F3C-A9E6-DB096AD61B46}.Release|Any CPU.ActiveCfg = Release|Any CPU
		{BDE74E79-187A-4F3C-A9E6-DB096AD61B46}.Release|Any CPU.Build.0 = Release|Any CPU
		{D933CF17-1596-4104-B268-3903B1F69630}.Debug|Any CPU.ActiveCfg = Debug|Any CPU
		{D933CF17-1596-4104-B268-3903B1F69630}.Debug|Any CPU.Build.0 = Debug|Any CPU
		{D933CF17-1596-4104-B268-3903B1F69630}.Release|Any CPU.ActiveCfg = Release|Any CPU
		{D933CF17-1596-4104-B268-3903B1F69630}.Release|Any CPU.Build.0 = Release|Any CPU
		{C75CAD50-CC2F-4CFB-A7B8-2A51725241D4}.Debug|Any CPU.ActiveCfg = Debug|Any CPU
		{C75CAD50-CC2F-4CFB-A7B8-2A51725241D4}.Debug|Any CPU.Build.0 = Debug|Any CPU
		{C75CAD50-CC2F-4CFB-A7B8-2A51725241D4}.Release|Any CPU.ActiveCfg = Release|Any CPU
		{C75CAD50-CC2F-4CFB-A7B8-2A51725241D4}.Release|Any CPU.Build.0 = Release|Any CPU
		{2A653BE0-B849-4EDF-9B70-63D8FBFD2D7A}.Debug|Any CPU.ActiveCfg = Debug|Any CPU
		{2A653BE0-B849-4EDF-9B70-63D8FBFD2D7A}.Debug|Any CPU.Build.0 = Debug|Any CPU
		{2A653BE0-B849-4EDF-9B70-63D8FBFD2D7A}.Release|Any CPU.ActiveCfg = Release|Any CPU
		{2A653BE0-B849-4EDF-9B70-63D8FBFD2D7A}.Release|Any CPU.Build.0 = Release|Any CPU
		{DC604A2F-45E1-494D-8DF7-B32DCA7533F1}.Debug|Any CPU.ActiveCfg = Debug|Any CPU
		{DC604A2F-45E1-494D-8DF7-B32DCA7533F1}.Debug|Any CPU.Build.0 = Debug|Any CPU
		{DC604A2F-45E1-494D-8DF7-B32DCA7533F1}.Release|Any CPU.ActiveCfg = Release|Any CPU
		{DC604A2F-45E1-494D-8DF7-B32DCA7533F1}.Release|Any CPU.Build.0 = Release|Any CPU
		{03D4FD5B-409F-4770-AFA0-B467E6DA5830}.Debug|Any CPU.ActiveCfg = Debug|Any CPU
		{03D4FD5B-409F-4770-AFA0-B467E6DA5830}.Debug|Any CPU.Build.0 = Debug|Any CPU
		{03D4FD5B-409F-4770-AFA0-B467E6DA5830}.Release|Any CPU.ActiveCfg = Release|Any CPU
		{03D4FD5B-409F-4770-AFA0-B467E6DA5830}.Release|Any CPU.Build.0 = Release|Any CPU
	EndGlobalSection
	GlobalSection(SolutionProperties) = preSolution
		HideSolutionNode = FALSE
	EndGlobalSection
	GlobalSection(ExtensibilityGlobals) = postSolution
		SolutionGuid = {141B1001-8904-4A96-9B79-CADF4016E922}
	EndGlobalSection
EndGlobal
